// !$*UTF8*$!
{
	archiveVersion = 1;
	classes = {
	};
	objectVersion = 46;
	objects = {

/* Begin PBXBuildFile section */
		6C1BFADA1F4D278E003E8BCB /* main.m in Sources */ = {isa = PBXBuildFile; fileRef = 6C1BFAD91F4D278E003E8BCB /* main.m */; };
		6C1BFADD1F4D278E003E8BCB /* AppDelegate.m in Sources */ = {isa = PBXBuildFile; fileRef = 6C1BFADC1F4D278E003E8BCB /* AppDelegate.m */; };
		6C1BFAE01F4D278E003E8BCB /* ViewController.m in Sources */ = {isa = PBXBuildFile; fileRef = 6C1BFADF1F4D278E003E8BCB /* ViewController.m */; };
		6C1BFAE31F4D278E003E8BCB /* Main.storyboard in Resources */ = {isa = PBXBuildFile; fileRef = 6C1BFAE11F4D278E003E8BCB /* Main.storyboard */; };
		6C1BFAE51F4D278E003E8BCB /* Assets.xcassets in Resources */ = {isa = PBXBuildFile; fileRef = 6C1BFAE41F4D278E003E8BCB /* Assets.xcassets */; };
		6C1BFAE81F4D278E003E8BCB /* LaunchScreen.storyboard in Resources */ = {isa = PBXBuildFile; fileRef = 6C1BFAE61F4D278E003E8BCB /* LaunchScreen.storyboard */; };
		6C1BFAF21F4D27D6003E8BCB /* TPRouter.m in Sources */ = {isa = PBXBuildFile; fileRef = 6C1BFAF11F4D27D6003E8BCB /* TPRouter.m */; };
		6C1BFAF41F4D28F4003E8BCB /* TPRouterConfig.plist in Resources */ = {isa = PBXBuildFile; fileRef = 6C1BFAF31F4D28F4003E8BCB /* TPRouterConfig.plist */; };
		6C1BFAF71F4D2B0A003E8BCB /* TPRouterConfig.m in Sources */ = {isa = PBXBuildFile; fileRef = 6C1BFAF61F4D2B0A003E8BCB /* TPRouterConfig.m */; };
		6C1BFAFA1F4D30C2003E8BCB /* HomeViewController.m in Sources */ = {isa = PBXBuildFile; fileRef = 6C1BFAF91F4D30C2003E8BCB /* HomeViewController.m */; };
		D791DC931F4E974D00A24A40 /* UIViewController+RouterParams.m in Sources */ = {isa = PBXBuildFile; fileRef = D791DC921F4E974D00A24A40 /* UIViewController+RouterParams.m */; };
		D791DC961F4EADA000A24A40 /* WebViewControllerHttps.m in Sources */ = {isa = PBXBuildFile; fileRef = D791DC951F4EADA000A24A40 /* WebViewControllerHttps.m */; };
		D792E5051FE4169900B21586 /* SubVc_1.m in Sources */ = {isa = PBXBuildFile; fileRef = D792E5041FE4169900B21586 /* SubVc_1.m */; };
		D792E5081FE416A300B21586 /* SubVc_2.m in Sources */ = {isa = PBXBuildFile; fileRef = D792E5071FE416A300B21586 /* SubVc_2.m */; };
		D792E50B1FE41A9400B21586 /* TestSuperVC.m in Sources */ = {isa = PBXBuildFile; fileRef = D792E50A1FE41A9400B21586 /* TestSuperVC.m */; };
/* End PBXBuildFile section */

/* Begin PBXFileReference section */
		6C1BFAD51F4D278E003E8BCB /* TPRouter.app */ = {isa = PBXFileReference; explicitFileType = wrapper.application; includeInIndex = 0; path = TPRouter.app; sourceTree = BUILT_PRODUCTS_DIR; };
		6C1BFAD91F4D278E003E8BCB /* main.m */ = {isa = PBXFileReference; lastKnownFileType = sourcecode.c.objc; path = main.m; sourceTree = "<group>"; };
		6C1BFADB1F4D278E003E8BCB /* AppDelegate.h */ = {isa = PBXFileReference; lastKnownFileType = sourcecode.c.h; path = AppDelegate.h; sourceTree = "<group>"; };
		6C1BFADC1F4D278E003E8BCB /* AppDelegate.m */ = {isa = PBXFileReference; lastKnownFileType = sourcecode.c.objc; path = AppDelegate.m; sourceTree = "<group>"; };
		6C1BFADE1F4D278E003E8BCB /* ViewController.h */ = {isa = PBXFileReference; lastKnownFileType = sourcecode.c.h; path = ViewController.h; sourceTree = "<group>"; };
		6C1BFADF1F4D278E003E8BCB /* ViewController.m */ = {isa = PBXFileReference; lastKnownFileType = sourcecode.c.objc; path = ViewController.m; sourceTree = "<group>"; };
		6C1BFAE21F4D278E003E8BCB /* Base */ = {isa = PBXFileReference; lastKnownFileType = file.storyboard; name = Base; path = Base.lproj/Main.storyboard; sourceTree = "<group>"; };
		6C1BFAE41F4D278E003E8BCB /* Assets.xcassets */ = {isa = PBXFileReference; lastKnownFileType = folder.assetcatalog; path = Assets.xcassets; sourceTree = "<group>"; };
		6C1BFAE71F4D278E003E8BCB /* Base */ = {isa = PBXFileReference; lastKnownFileType = file.storyboard; name = Base; path = Base.lproj/LaunchScreen.storyboard; sourceTree = "<group>"; };
		6C1BFAE91F4D278E003E8BCB /* Info.plist */ = {isa = PBXFileReference; lastKnownFileType = text.plist.xml; path = Info.plist; sourceTree = "<group>"; };
		6C1BFAF01F4D27D6003E8BCB /* TPRouter.h */ = {isa = PBXFileReference; fileEncoding = 4; lastKnownFileType = sourcecode.c.h; path = TPRouter.h; sourceTree = "<group>"; };
		6C1BFAF11F4D27D6003E8BCB /* TPRouter.m */ = {isa = PBXFileReference; fileEncoding = 4; lastKnownFileType = sourcecode.c.objc; path = TPRouter.m; sourceTree = "<group>"; };
		6C1BFAF31F4D28F4003E8BCB /* TPRouterConfig.plist */ = {isa = PBXFileReference; fileEncoding = 4; lastKnownFileType = text.plist.xml; path = TPRouterConfig.plist; sourceTree = "<group>"; };
		6C1BFAF51F4D2B0A003E8BCB /* TPRouterConfig.h */ = {isa = PBXFileReference; fileEncoding = 4; lastKnownFileType = sourcecode.c.h; path = TPRouterConfig.h; sourceTree = "<group>"; };
		6C1BFAF61F4D2B0A003E8BCB /* TPRouterConfig.m */ = {isa = PBXFileReference; fileEncoding = 4; lastKnownFileType = sourcecode.c.objc; path = TPRouterConfig.m; sourceTree = "<group>"; };
		6C1BFAF81F4D30C2003E8BCB /* HomeViewController.h */ = {isa = PBXFileReference; fileEncoding = 4; lastKnownFileType = sourcecode.c.h; path = HomeViewController.h; sourceTree = "<group>"; };
		6C1BFAF91F4D30C2003E8BCB /* HomeViewController.m */ = {isa = PBXFileReference; fileEncoding = 4; lastKnownFileType = sourcecode.c.objc; path = HomeViewController.m; sourceTree = "<group>"; };
		D791DC911F4E974D00A24A40 /* UIViewController+RouterParams.h */ = {isa = PBXFileReference; fileEncoding = 4; lastKnownFileType = sourcecode.c.h; path = "UIViewController+RouterParams.h"; sourceTree = "<group>"; };
		D791DC921F4E974D00A24A40 /* UIViewController+RouterParams.m */ = {isa = PBXFileReference; fileEncoding = 4; lastKnownFileType = sourcecode.c.objc; path = "UIViewController+RouterParams.m"; sourceTree = "<group>"; };
		D791DC941F4EADA000A24A40 /* WebViewControllerHttps.h */ = {isa = PBXFileReference; fileEncoding = 4; lastKnownFileType = sourcecode.c.h; path = WebViewControllerHttps.h; sourceTree = "<group>"; };
		D791DC951F4EADA000A24A40 /* WebViewControllerHttps.m */ = {isa = PBXFileReference; fileEncoding = 4; lastKnownFileType = sourcecode.c.objc; path = WebViewControllerHttps.m; sourceTree = "<group>"; };
		D792E5031FE4169900B21586 /* SubVc_1.h */ = {isa = PBXFileReference; lastKnownFileType = sourcecode.c.h; path = SubVc_1.h; sourceTree = "<group>"; };
		D792E5041FE4169900B21586 /* SubVc_1.m */ = {isa = PBXFileReference; lastKnownFileType = sourcecode.c.objc; path = SubVc_1.m; sourceTree = "<group>"; };
		D792E5061FE416A300B21586 /* SubVc_2.h */ = {isa = PBXFileReference; lastKnownFileType = sourcecode.c.h; path = SubVc_2.h; sourceTree = "<group>"; };
		D792E5071FE416A300B21586 /* SubVc_2.m */ = {isa = PBXFileReference; lastKnownFileType = sourcecode.c.objc; path = SubVc_2.m; sourceTree = "<group>"; };
		D792E5091FE41A9400B21586 /* TestSuperVC.h */ = {isa = PBXFileReference; lastKnownFileType = sourcecode.c.h; path = TestSuperVC.h; sourceTree = "<group>"; };
		D792E50A1FE41A9400B21586 /* TestSuperVC.m */ = {isa = PBXFileReference; lastKnownFileType = sourcecode.c.objc; path = TestSuperVC.m; sourceTree = "<group>"; };
/* End PBXFileReference section */

/* Begin PBXFrameworksBuildPhase section */
		6C1BFAD21F4D278E003E8BCB /* Frameworks */ = {
			isa = PBXFrameworksBuildPhase;
			buildActionMask = 2147483647;
			files = (
			);
			runOnlyForDeploymentPostprocessing = 0;
		};
/* End PBXFrameworksBuildPhase section */

/* Begin PBXGroup section */
		6C1BFACC1F4D278D003E8BCB = {
			isa = PBXGroup;
			children = (
				6C1BFAEF1F4D27C4003E8BCB /* TPRouterBase */,
				6C1BFAD71F4D278E003E8BCB /* TPRouter */,
				6C1BFAD61F4D278E003E8BCB /* Products */,
			);
			sourceTree = "<group>";
		};
		6C1BFAD61F4D278E003E8BCB /* Products */ = {
			isa = PBXGroup;
			children = (
				6C1BFAD51F4D278E003E8BCB /* TPRouter.app */,
			);
			name = Products;
			sourceTree = "<group>";
		};
		6C1BFAD71F4D278E003E8BCB /* TPRouter */ = {
			isa = PBXGroup;
			children = (
				6C1BFADB1F4D278E003E8BCB /* AppDelegate.h */,
				6C1BFADC1F4D278E003E8BCB /* AppDelegate.m */,
				6C1BFADE1F4D278E003E8BCB /* ViewController.h */,
				6C1BFADF1F4D278E003E8BCB /* ViewController.m */,
				D792E5031FE4169900B21586 /* SubVc_1.h */,
				D792E5041FE4169900B21586 /* SubVc_1.m */,
				D792E5061FE416A300B21586 /* SubVc_2.h */,
				D792E5071FE416A300B21586 /* SubVc_2.m */,
				D792E5091FE41A9400B21586 /* TestSuperVC.h */,
				D792E50A1FE41A9400B21586 /* TestSuperVC.m */,
				6C1BFAE11F4D278E003E8BCB /* Main.storyboard */,
				6C1BFAE41F4D278E003E8BCB /* Assets.xcassets */,
				6C1BFAE61F4D278E003E8BCB /* LaunchScreen.storyboard */,
				6C1BFAE91F4D278E003E8BCB /* Info.plist */,
				6C1BFAD81F4D278E003E8BCB /* Supporting Files */,
				6C1BFAF81F4D30C2003E8BCB /* HomeViewController.h */,
				6C1BFAF91F4D30C2003E8BCB /* HomeViewController.m */,
				D791DC941F4EADA000A24A40 /* WebViewControllerHttps.h */,
				D791DC951F4EADA000A24A40 /* WebViewControllerHttps.m */,
			);
			path = TPRouter;
			sourceTree = "<group>";
		};
		6C1BFAD81F4D278E003E8BCB /* Supporting Files */ = {
			isa = PBXGroup;
			children = (
				6C1BFAD91F4D278E003E8BCB /* main.m */,
			);
			name = "Supporting Files";
			sourceTree = "<group>";
		};
		6C1BFAEF1F4D27C4003E8BCB /* TPRouterBase */ = {
			isa = PBXGroup;
			children = (
				6C1BFAF01F4D27D6003E8BCB /* TPRouter.h */,
				6C1BFAF11F4D27D6003E8BCB /* TPRouter.m */,
				6C1BFAF31F4D28F4003E8BCB /* TPRouterConfig.plist */,
				6C1BFAF51F4D2B0A003E8BCB /* TPRouterConfig.h */,
				6C1BFAF61F4D2B0A003E8BCB /* TPRouterConfig.m */,
				D791DC911F4E974D00A24A40 /* UIViewController+RouterParams.h */,
				D791DC921F4E974D00A24A40 /* UIViewController+RouterParams.m */,
			);
			path = TPRouterBase;
			sourceTree = "<group>";
		};
/* End PBXGroup section */

/* Begin PBXNativeTarget section */
		6C1BFAD41F4D278E003E8BCB /* TPRouter */ = {
			isa = PBXNativeTarget;
			buildConfigurationList = 6C1BFAEC1F4D278E003E8BCB /* Build configuration list for PBXNativeTarget "TPRouter" */;
			buildPhases = (
				6C1BFAD11F4D278E003E8BCB /* Sources */,
				6C1BFAD21F4D278E003E8BCB /* Frameworks */,
				6C1BFAD31F4D278E003E8BCB /* Resources */,
			);
			buildRules = (
			);
			dependencies = (
			);
			name = TPRouter;
			productName = TPRouter;
			productReference = 6C1BFAD51F4D278E003E8BCB /* TPRouter.app */;
			productType = "com.apple.product-type.application";
		};
/* End PBXNativeTarget section */

/* Begin PBXProject section */
		6C1BFACD1F4D278D003E8BCB /* Project object */ = {
			isa = PBXProject;
			attributes = {
				LastUpgradeCheck = 0830;
				ORGANIZATIONNAME = com.allen;
				TargetAttributes = {
					6C1BFAD41F4D278E003E8BCB = {
						CreatedOnToolsVersion = 8.3.3;
						DevelopmentTeam = 3P2FWDPYWL;
						ProvisioningStyle = Automatic;
					};
				};
			};
			buildConfigurationList = 6C1BFAD01F4D278D003E8BCB /* Build configuration list for PBXProject "TPRouter" */;
			compatibilityVersion = "Xcode 3.2";
			developmentRegion = English;
			hasScannedForEncodings = 0;
			knownRegions = (
				en,
				Base,
			);
			mainGroup = 6C1BFACC1F4D278D003E8BCB;
			productRefGroup = 6C1BFAD61F4D278E003E8BCB /* Products */;
			projectDirPath = "";
			projectRoot = "";
			targets = (
				6C1BFAD41F4D278E003E8BCB /* TPRouter */,
			);
		};
/* End PBXProject section */

/* Begin PBXResourcesBuildPhase section */
		6C1BFAD31F4D278E003E8BCB /* Resources */ = {
			isa = PBXResourcesBuildPhase;
			buildActionMask = 2147483647;
			files = (
				6C1BFAE81F4D278E003E8BCB /* LaunchScreen.storyboard in Resources */,
				6C1BFAF41F4D28F4003E8BCB /* TPRouterConfig.plist in Resources */,
				6C1BFAE51F4D278E003E8BCB /* Assets.xcassets in Resources */,
				6C1BFAE31F4D278E003E8BCB /* Main.storyboard in Resources */,
			);
			runOnlyForDeploymentPostprocessing = 0;
		};
/* End PBXResourcesBuildPhase section */

/* Begin PBXSourcesBuildPhase section */
		6C1BFAD11F4D278E003E8BCB /* Sources */ = {
			isa = PBXSourcesBuildPhase;
			buildActionMask = 2147483647;
			files = (
				D791DC931F4E974D00A24A40 /* UIViewController+RouterParams.m in Sources */,
				6C1BFAE01F4D278E003E8BCB /* ViewController.m in Sources */,
				6C1BFADD1F4D278E003E8BCB /* AppDelegate.m in Sources */,
				D791DC961F4EADA000A24A40 /* WebViewControllerHttps.m in Sources */,
				D792E5081FE416A300B21586 /* SubVc_2.m in Sources */,
				6C1BFAF71F4D2B0A003E8BCB /* TPRouterConfig.m in Sources */,
				6C1BFAF21F4D27D6003E8BCB /* TPRouter.m in Sources */,
				6C1BFADA1F4D278E003E8BCB /* main.m in Sources */,
				D792E50B1FE41A9400B21586 /* TestSuperVC.m in Sources */,
				6C1BFAFA1F4D30C2003E8BCB /* HomeViewController.m in Sources */,
				D792E5051FE4169900B21586 /* SubVc_1.m in Sources */,
			);
			runOnlyForDeploymentPostprocessing = 0;
		};
/* End PBXSourcesBuildPhase section */

/* Begin PBXVariantGroup section */
		6C1BFAE11F4D278E003E8BCB /* Main.storyboard */ = {
			isa = PBXVariantGroup;
			children = (
				6C1BFAE21F4D278E003E8BCB /* Base */,
			);
			name = Main.storyboard;
			sourceTree = "<group>";
		};
		6C1BFAE61F4D278E003E8BCB /* LaunchScreen.storyboard */ = {
			isa = PBXVariantGroup;
			children = (
				6C1BFAE71F4D278E003E8BCB /* Base */,
			);
			name = LaunchScreen.storyboard;
			sourceTree = "<group>";
		};
/* End PBXVariantGroup section */

/* Begin XCBuildConfiguration section */
		6C1BFAEA1F4D278E003E8BCB /* Debug */ = {
			isa = XCBuildConfiguration;
			buildSettings = {
				ALWAYS_SEARCH_USER_PATHS = NO;
				CLANG_ANALYZER_NONNULL = YES;
				CLANG_ANALYZER_NUMBER_OBJECT_CONVERSION = YES_AGGRESSIVE;
				CLANG_CXX_LANGUAGE_STANDARD = "gnu++0x";
				CLANG_CXX_LIBRARY = "libc++";
				CLANG_ENABLE_MODULES = YES;
				CLANG_ENABLE_OBJC_ARC = YES;
				CLANG_WARN_BOOL_CONVERSION = YES;
				CLANG_WARN_CONSTANT_CONVERSION = YES;
				CLANG_WARN_DIRECT_OBJC_ISA_USAGE = YES_ERROR;
				CLANG_WARN_DOCUMENTATION_COMMENTS = YES;
				CLANG_WARN_EMPTY_BODY = YES;
				CLANG_WARN_ENUM_CONVERSION = YES;
				CLANG_WARN_INFINITE_RECURSION = YES;
				CLANG_WARN_INT_CONVERSION = YES;
				CLANG_WARN_OBJC_ROOT_CLASS = YES_ERROR;
				CLANG_WARN_SUSPICIOUS_MOVE = YES;
				CLANG_WARN_UNREACHABLE_CODE = YES;
				CLANG_WARN__DUPLICATE_METHOD_MATCH = YES;
				"CODE_SIGN_IDENTITY[sdk=iphoneos*]" = "iPhone Developer";
				COPY_PHASE_STRIP = NO;
				DEBUG_INFORMATION_FORMAT = dwarf;
				ENABLE_STRICT_OBJC_MSGSEND = YES;
				ENABLE_TESTABILITY = YES;
				GCC_C_LANGUAGE_STANDARD = gnu99;
				GCC_DYNAMIC_NO_PIC = NO;
				GCC_NO_COMMON_BLOCKS = YES;
				GCC_OPTIMIZATION_LEVEL = 0;
				GCC_PREPROCESSOR_DEFINITIONS = (
					"DEBUG=1",
					"$(inherited)",
				);
				GCC_WARN_64_TO_32_BIT_CONVERSION = YES;
				GCC_WARN_ABOUT_RETURN_TYPE = YES_ERROR;
				GCC_WARN_UNDECLARED_SELECTOR = YES;
				GCC_WARN_UNINITIALIZED_AUTOS = YES_AGGRESSIVE;
				GCC_WARN_UNUSED_FUNCTION = YES;
				GCC_WARN_UNUSED_VARIABLE = YES;
				IPHONEOS_DEPLOYMENT_TARGET = 10.3;
				MTL_ENABLE_DEBUG_INFO = YES;
				ONLY_ACTIVE_ARCH = YES;
				SDKROOT = iphoneos;
				TARGETED_DEVICE_FAMILY = "1,2";
			};
			name = Debug;
		};
		6C1BFAEB1F4D278E003E8BCB /* Release */ = {
			isa = XCBuildConfiguration;
			buildSettings = {
				ALWAYS_SEARCH_USER_PATHS = NO;
				CLANG_ANALYZER_NONNULL = YES;
				CLANG_ANALYZER_NUMBER_OBJECT_CONVERSION = YES_AGGRESSIVE;
				CLANG_CXX_LANGUAGE_STANDARD = "gnu++0x";
				CLANG_CXX_LIBRARY = "libc++";
				CLANG_ENABLE_MODULES = YES;
				CLANG_ENABLE_OBJC_ARC = YES;
				CLANG_WARN_BOOL_CONVERSION = YES;
				CLANG_WARN_CONSTANT_CONVERSION = YES;
				CLANG_WARN_DIRECT_OBJC_ISA_USAGE = YES_ERROR;
				CLANG_WARN_DOCUMENTATION_COMMENTS = YES;
				CLANG_WARN_EMPTY_BODY = YES;
				CLANG_WARN_ENUM_CONVERSION = YES;
				CLANG_WARN_INFINITE_RECURSION = YES;
				CLANG_WARN_INT_CONVERSION = YES;
				CLANG_WARN_OBJC_ROOT_CLASS = YES_ERROR;
				CLANG_WARN_SUSPICIOUS_MOVE = YES;
				CLANG_WARN_UNREACHABLE_CODE = YES;
				CLANG_WARN__DUPLICATE_METHOD_MATCH = YES;
				"CODE_SIGN_IDENTITY[sdk=iphoneos*]" = "iPhone Developer";
				COPY_PHASE_STRIP = NO;
				DEBUG_INFORMATION_FORMAT = "dwarf-with-dsym";
				ENABLE_NS_ASSERTIONS = NO;
				ENABLE_STRICT_OBJC_MSGSEND = YES;
				GCC_C_LANGUAGE_STANDARD = gnu99;
				GCC_NO_COMMON_BLOCKS = YES;
				GCC_WARN_64_TO_32_BIT_CONVERSION = YES;
				GCC_WARN_ABOUT_RETURN_TYPE = YES_ERROR;
				GCC_WARN_UNDECLARED_SELECTOR = YES;
				GCC_WARN_UNINITIALIZED_AUTOS = YES_AGGRESSIVE;
				GCC_WARN_UNUSED_FUNCTION = YES;
				GCC_WARN_UNUSED_VARIABLE = YES;
				IPHONEOS_DEPLOYMENT_TARGET = 10.3;
				MTL_ENABLE_DEBUG_INFO = NO;
				SDKROOT = iphoneos;
				TARGETED_DEVICE_FAMILY = "1,2";
				VALIDATE_PRODUCT = YES;
			};
			name = Release;
		};
		6C1BFAED1F4D278E003E8BCB /* Debug */ = {
			isa = XCBuildConfiguration;
			buildSettings = {
				ASSETCATALOG_COMPILER_APPICON_NAME = AppIcon;
				DEVELOPMENT_TEAM = 3P2FWDPYWL;
				INFOPLIST_FILE = TPRouter/Info.plist;
				LD_RUNPATH_SEARCH_PATHS = "$(inherited) @executable_path/Frameworks";
				PRODUCT_BUNDLE_IDENTIFIER = allen.TPRouter;
				PRODUCT_NAME = "$(TARGET_NAME)";
			};
			name = Debug;
		};
		6C1BFAEE1F4D278E003E8BCB /* Release */ = {
			isa = XCBuildConfiguration;
			buildSettings = {
				ASSETCATALOG_COMPILER_APPICON_NAME = AppIcon;
				DEVELOPMENT_TEAM = 3P2FWDPYWL;
				INFOPLIST_FILE = TPRouter/Info.plist;
				LD_RUNPATH_SEARCH_PATHS = "$(inherited) @executable_path/Frameworks";
				PRODUCT_BUNDLE_IDENTIFIER = allen.TPRouter;
				PRODUCT_NAME = "$(TARGET_NAME)";
			};
			name = Release;
		};
/* End XCBuildConfiguration section */

/* Begin XCConfigurationList section */
		6C1BFAD01F4D278D003E8BCB /* Build configuration list for PBXProject "TPRouter" */ = {
			isa = XCConfigurationList;
			buildConfigurations = (
				6C1BFAEA1F4D278E003E8BCB /* Debug */,
				6C1BFAEB1F4D278E003E8BCB /* Release */,
			);
			defaultConfigurationIsVisible = 0;
			defaultConfigurationName = Release;
		};
		6C1BFAEC1F4D278E003E8BCB /* Build configuration list for PBXNativeTarget "TPRouter" */ = {
			isa = XCConfigurationList;
			buildConfigurations = (
				6C1BFAED1F4D278E003E8BCB /* Debug */,
				6C1BFAEE1F4D278E003E8BCB /* Release */,
			);
			defaultConfigurationIsVisible = 0;
			defaultConfigurationName = Release;
		};
/* End XCConfigurationList section */
	};
	rootObject = 6C1BFACD1F4D278D003E8BCB /* Project object */;
}
